<?xml version="1.0" encoding="utf-8"?>
<Project ToolsVersion="4.0" xmlns="http://schemas.microsoft.com/developer/msbuild/2003">
  <ItemGroup>
    <ClCompile Include="Consts.cpp" />
    <ClCompile Include="Logger.cpp" />
    <ClCompile Include="Main.cpp" />
    <ClCompile Include="ReadFromJSON.cpp" />
    <ClCompile Include="RealTimeScheduler.cpp" />
    <ClCompile Include="Scheduler.cpp" />
    <ClCompile Include="Task.cpp" />
    <ClCompile Include="Timer.cpp" />
    <ClCompile Include="WeightRoundRobinScheduler.cpp" />
    <ClCompile Include="TestWeightRoundRobinScheduler.cpp" />
    <ClCompile Include="TestMain.cpp" />
    <ClCompile Include="Deadline.cpp" />
    <ClCompile Include="DeadLineTask.cpp" />
    <ClCompile Include="IterativeTask.cpp" />
    <ClCompile Include="LongTaskHandler.cpp" />
    <ClCompile Include="TaskFactory.cpp" />
    <ClCompile Include="Utility.cpp" />
    <ClCompile Include="DeadlineTaskManager.cpp" />
  </ItemGroup>
  <ItemGroup>
    <ClInclude Include="Consts.h" />
    <ClInclude Include="doctest.h" />
    <ClInclude Include="Logger.h" />
    <ClInclude Include="ReadFromJSON.h" />
    <ClInclude Include="RealTimeScheduler.h" />
    <ClInclude Include="Scheduler.h" />
    <ClInclude Include="Task.h" />
    <ClInclude Include="Timer.h" />
    <ClInclude Include="WeightRoundRobinScheduler.h" />
    <ClInclude Include="Deadline.h" />
    <ClInclude Include="DeadLineTask.h" />
    <ClInclude Include="IterativeTask.h" />
    <ClInclude Include="LongTaskHandler.h" />
    <ClInclude Include="TaskFactory.h" />
    <ClInclude Include="Utility.h" />
    <ClInclude Include="DeadlineTaskManager.h" />
  </ItemGroup>
  <ItemGroup>
    <None Include="cpp.hint" />
    <None Include="packages.config" />
  </ItemGroup>
</Project>