<?xml version="1.0" encoding="utf-8"?>
<Project ToolsVersion="4.0" xmlns="http://schemas.microsoft.com/developer/msbuild/2003">
  <ItemGroup>
    <Filter Include="Resource Files">
      <UniqueIdentifier>{67DA6AB6-F800-4c08-8B7A-83BB121AAD01}</UniqueIdentifier>
      <Extensions>rc;ico;cur;bmp;dlg;rc2;rct;bin;rgs;gif;jpg;jpeg;jpe;resx;tiff;tif;png;wav;mfcribbon-ms</Extensions>
    </Filter>
  </ItemGroup>
  <ItemGroup>
    <None Include="packages.config" />
  </ItemGroup>
  <ItemGroup>
    <ClCompile Include="Test_Iterative&amp;Long_Task_Extensions.cpp" />
    <ClCompile Include="..\Main\Consts.cpp">
      <Filter>Resource Files</Filter>
    </ClCompile>
    <ClCompile Include="..\Main\DeadLineTask.cpp">
      <Filter>Resource Files</Filter>
    </ClCompile>
    <ClCompile Include="..\Main\DeadlineTaskManager.cpp">
      <Filter>Resource Files</Filter>
    </ClCompile>
    <ClCompile Include="..\Main\IterativeTask.cpp">
      <Filter>Resource Files</Filter>
    </ClCompile>
    <ClCompile Include="..\Main\IterativeTaskHandler.cpp">
      <Filter>Resource Files</Filter>
    </ClCompile>
    <ClCompile Include="..\Main\Logger.cpp">
      <Filter>Resource Files</Filter>
    </ClCompile>
    <ClCompile Include="..\Main\LongTaskHandler.cpp">
      <Filter>Resource Files</Filter>
    </ClCompile>
    <ClCompile Include="..\Main\ReadFromJSON.cpp">
      <Filter>Resource Files</Filter>
    </ClCompile>
    <ClCompile Include="..\Main\RealTimeScheduler.cpp">
      <Filter>Resource Files</Filter>
    </ClCompile>
    <ClCompile Include="..\Main\Scheduler.cpp">
      <Filter>Resource Files</Filter>
    </ClCompile>
    <ClCompile Include="..\Main\Task.cpp">
      <Filter>Resource Files</Filter>
    </ClCompile>
    <ClCompile Include="..\Main\TaskFactory.cpp">
      <Filter>Resource Files</Filter>
    </ClCompile>
    <ClCompile Include="..\Main\Utility.cpp">
      <Filter>Resource Files</Filter>
    </ClCompile>
    <ClCompile Include="..\Main\WeightRoundRobinScheduler.cpp">
      <Filter>Resource Files</Filter>
    </ClCompile>
    <ClCompile Include="..\Main\OrderedTaskHandler.cpp">
      <Filter>Resource Files</Filter>
    </ClCompile>
  </ItemGroup>
  <ItemGroup>
    <ClInclude Include="..\Main\Consts.h">
      <Filter>Resource Files</Filter>
    </ClInclude>
    <ClInclude Include="..\Main\DeadLineTask.h">
      <Filter>Resource Files</Filter>
    </ClInclude>
    <ClInclude Include="..\Main\DeadlineTaskManager.h">
      <Filter>Resource Files</Filter>
    </ClInclude>
    <ClInclude Include="..\Main\IterativeTask.h">
      <Filter>Resource Files</Filter>
    </ClInclude>
    <ClInclude Include="..\Main\IterativeTaskHandler.h">
      <Filter>Resource Files</Filter>
    </ClInclude>
    <ClInclude Include="..\Main\Logger.h">
      <Filter>Resource Files</Filter>
    </ClInclude>
    <ClInclude Include="..\Main\LongTaskHandler.h">
      <Filter>Resource Files</Filter>
    </ClInclude>
    <ClInclude Include="..\Main\ReadFromJSON.h">
      <Filter>Resource Files</Filter>
    </ClInclude>
    <ClInclude Include="..\Main\RealTimeScheduler.h">
      <Filter>Resource Files</Filter>
    </ClInclude>
    <ClInclude Include="..\Main\Scheduler.h">
      <Filter>Resource Files</Filter>
    </ClInclude>
    <ClInclude Include="..\Main\Task.h">
      <Filter>Resource Files</Filter>
    </ClInclude>
    <ClInclude Include="..\Main\TaskFactory.h">
      <Filter>Resource Files</Filter>
    </ClInclude>
    <ClInclude Include="..\Main\Timer.h">
      <Filter>Resource Files</Filter>
    </ClInclude>
    <ClInclude Include="..\Main\Utility.h">
      <Filter>Resource Files</Filter>
    </ClInclude>
    <ClInclude Include="..\Main\WeightRoundRobinScheduler.h">
      <Filter>Resource Files</Filter>
    </ClInclude>
    <ClInclude Include="..\Main\OrderedTaskHandler.h">
      <Filter>Resource Files</Filter>
    </ClInclude>
  </ItemGroup>
</Project>